<Solution>
  <Folder Name="/ex2/">
    <Project Path="date_calc/date_calc.pyproj" Type="888888a0-9f3d-457c-b088-3a5042f75d52" Id="6731a618-bed9-4c1f-9f3b-8f472b985174">
      <Build Project="false" />
    </Project>
  </Folder>
  <Project Path="ex1/ex1.pyproj" Type="888888a0-9f3d-457c-b088-3a5042f75d52" Id="d86ac06f-256d-440f-9abe-46b65d156232">
    <Build Project="false" />
  </Project>
</Solution>
